{
  "version": 2,
  "dependencies": {
    "net8.0-windows10.0.19041": {
      "Selenium.WebDriver": {
        "type": "Direct",
        "requested": "[4.35.0, )",
        "resolved": "4.35.0",
        "contentHash": "C9OrObS2KLyUQDJNRY883JAc4n5q58pBYmY954hf+lGMQQcsz4Ias2mk91lHkLXFX+2qMttya4df9lGP1SLiGQ=="
      },
      "mieruka.core": {
        "type": "Project",
        "dependencies": {
          "Microsoft.Win32.SystemEvents": "[8.0.0, )",
          "Selenium.WebDriver": "[4.35.0, )",
          "Serilog": "[3.1.1, )",
          "Serilog.Sinks.Console": "[5.0.1, )",
          "Serilog.Sinks.File": "[5.0.0, )",
          "System.Security.Cryptography.ProtectedData": "[8.0.0, )",
          "System.Windows.Extensions": "[8.0.0, )"
        }
      },
      "Microsoft.Win32.SystemEvents": {
        "type": "CentralTransitive",
        "requested": "[8.0.0, )",
        "resolved": "8.0.0",
        "contentHash": "9opKRyOKMCi2xJ7Bj7kxtZ1r9vbzosMvRrdEhVhDz8j8MoBGgB+WmC94yH839NPH+BclAjtQ/pyagvi/8gDLkw=="
      },
      "Serilog": {
        "type": "CentralTransitive",
        "requested": "[3.1.1, )",
        "resolved": "3.1.1",
        "contentHash": "P6G4/4Kt9bT635bhuwdXlJ2SCqqn2nhh4gqFqQueCOr9bK/e7W9ll/IoX1Ter948cV2Z/5+5v8pAfJYUISY03A=="
      },
      "Serilog.Sinks.Console": {
        "type": "CentralTransitive",
        "requested": "[5.0.1, )",
        "resolved": "5.0.1",
        "contentHash": "6Jt8jl9y2ey8VV7nVEUAyjjyxjAQuvd5+qj4XYAT9CwcsvR70HHULGBeD+K2WCALFXf7CFsNQT4lON6qXcu2AA==",
        "dependencies": {
          "Serilog": "3.1.1"
        }
      },
      "Serilog.Sinks.File": {
        "type": "CentralTransitive",
        "requested": "[5.0.0, )",
        "resolved": "5.0.0",
        "contentHash": "uwV5hdhWPwUH1szhO8PJpFiahqXmzPzJT/sOijH/kFgUx+cyoDTMM8MHD0adw9+Iem6itoibbUXHYslzXsLEAg==",
        "dependencies": {
          "Serilog": "2.10.0"
        }
      },
      "System.Security.Cryptography.ProtectedData": {
        "type": "CentralTransitive",
        "requested": "[8.0.0, )",
        "resolved": "8.0.0",
        "contentHash": "+TUFINV2q2ifyXauQXRwy4CiBhqvDEDZeVJU7qfxya4aRYOKzVBpN+4acx25VcPB9ywUN6C0n8drWl110PhZEg=="
      },
      "System.Windows.Extensions": {
        "type": "CentralTransitive",
        "requested": "[8.0.0, )",
        "resolved": "8.0.0",
        "contentHash": "Obg3a90MkOw9mYKxrardLpY2u0axDMrSmy4JCdq2cYbelM2cUwmUir5Bomvd1yxmPL9h5LVHU1tuKBZpUjfASg=="
      }
    }
  }
}